// !$*UTF8*$!
{
	archiveVersion = 1;
	classes = {
	};
	objectVersion = 55;
	objects = {

/* Begin PBXBuildFile section */
		F326B691271EF69500B7762D /* Slot_MaiaApp.swift in Sources */ = {isa = PBXBuildFile; fileRef = F326B690271EF69500B7762D /* Slot_MaiaApp.swift */; };
		F326B693271EF69500B7762D /* ContentView.swift in Sources */ = {isa = PBXBuildFile; fileRef = F326B692271EF69500B7762D /* ContentView.swift */; };
		F326B695271EF69700B7762D /* Assets.xcassets in Resources */ = {isa = PBXBuildFile; fileRef = F326B694271EF69700B7762D /* Assets.xcassets */; };
		F326B698271EF69700B7762D /* Preview Assets.xcassets in Resources */ = {isa = PBXBuildFile; fileRef = F326B697271EF69700B7762D /* Preview Assets.xcassets */; };
		F326B6A6271EFE8800B7762D /* casino-chips.mp3 in Resources */ = {isa = PBXBuildFile; fileRef = F326B69E271EFE8700B7762D /* casino-chips.mp3 */; };
		F326B6A7271EFE8800B7762D /* high-score.mp3 in Resources */ = {isa = PBXBuildFile; fileRef = F326B69F271EFE8700B7762D /* high-score.mp3 */; };
		F326B6A8271EFE8800B7762D /* background-music.mp3 in Resources */ = {isa = PBXBuildFile; fileRef = F326B6A0271EFE8800B7762D /* background-music.mp3 */; };
		F326B6A9271EFE8800B7762D /* chimeup.mp3 in Resources */ = {isa = PBXBuildFile; fileRef = F326B6A1271EFE8800B7762D /* chimeup.mp3 */; };
		F326B6AA271EFE8800B7762D /* win.mp3 in Resources */ = {isa = PBXBuildFile; fileRef = F326B6A2271EFE8800B7762D /* win.mp3 */; };
		F326B6AB271EFE8800B7762D /* game-over.mp3 in Resources */ = {isa = PBXBuildFile; fileRef = F326B6A3271EFE8800B7762D /* game-over.mp3 */; };
		F326B6AC271EFE8800B7762D /* riseup.mp3 in Resources */ = {isa = PBXBuildFile; fileRef = F326B6A4271EFE8800B7762D /* riseup.mp3 */; };
		F326B6AD271EFE8800B7762D /* spin.mp3 in Resources */ = {isa = PBXBuildFile; fileRef = F326B6A5271EFE8800B7762D /* spin.mp3 */; };
		F36E3311272042860047FB32 /* LogoView.swift in Sources */ = {isa = PBXBuildFile; fileRef = F36E3310272042860047FB32 /* LogoView.swift */; };
		F36E3313272042E90047FB32 /* Modifiers.swift in Sources */ = {isa = PBXBuildFile; fileRef = F36E3312272042E90047FB32 /* Modifiers.swift */; };
		F36E3315272049DF0047FB32 /* Extensions.swift in Sources */ = {isa = PBXBuildFile; fileRef = F36E3314272049DF0047FB32 /* Extensions.swift */; };
		F36E331727204EC80047FB32 /* ReelView.swift in Sources */ = {isa = PBXBuildFile; fileRef = F36E331627204EC80047FB32 /* ReelView.swift */; };
		F36E331927205FFF0047FB32 /* InfoView.swift in Sources */ = {isa = PBXBuildFile; fileRef = F36E331827205FFF0047FB32 /* InfoView.swift */; };
		F3C7B32127233D4100AEF302 /* PlaySound.swift in Sources */ = {isa = PBXBuildFile; fileRef = F3C7B32027233D4100AEF302 /* PlaySound.swift */; };
/* End PBXBuildFile section */

/* Begin PBXFileReference section */
		F326B68D271EF69500B7762D /* Slot Maia.app */ = {isa = PBXFileReference; explicitFileType = wrapper.application; includeInIndex = 0; path = "Slot Maia.app"; sourceTree = BUILT_PRODUCTS_DIR; };
		F326B690271EF69500B7762D /* Slot_MaiaApp.swift */ = {isa = PBXFileReference; lastKnownFileType = sourcecode.swift; path = Slot_MaiaApp.swift; sourceTree = "<group>"; };
		F326B692271EF69500B7762D /* ContentView.swift */ = {isa = PBXFileReference; lastKnownFileType = sourcecode.swift; path = ContentView.swift; sourceTree = "<group>"; };
		F326B694271EF69700B7762D /* Assets.xcassets */ = {isa = PBXFileReference; lastKnownFileType = folder.assetcatalog; path = Assets.xcassets; sourceTree = "<group>"; };
		F326B697271EF69700B7762D /* Preview Assets.xcassets */ = {isa = PBXFileReference; lastKnownFileType = folder.assetcatalog; path = "Preview Assets.xcassets"; sourceTree = "<group>"; };
		F326B69E271EFE8700B7762D /* casino-chips.mp3 */ = {isa = PBXFileReference; lastKnownFileType = audio.mp3; path = "casino-chips.mp3"; sourceTree = "<group>"; };
		F326B69F271EFE8700B7762D /* high-score.mp3 */ = {isa = PBXFileReference; lastKnownFileType = audio.mp3; path = "high-score.mp3"; sourceTree = "<group>"; };
		F326B6A0271EFE8800B7762D /* background-music.mp3 */ = {isa = PBXFileReference; lastKnownFileType = audio.mp3; path = "background-music.mp3"; sourceTree = "<group>"; };
		F326B6A1271EFE8800B7762D /* chimeup.mp3 */ = {isa = PBXFileReference; lastKnownFileType = audio.mp3; path = chimeup.mp3; sourceTree = "<group>"; };
		F326B6A2271EFE8800B7762D /* win.mp3 */ = {isa = PBXFileReference; lastKnownFileType = audio.mp3; path = win.mp3; sourceTree = "<group>"; };
		F326B6A3271EFE8800B7762D /* game-over.mp3 */ = {isa = PBXFileReference; lastKnownFileType = audio.mp3; path = "game-over.mp3"; sourceTree = "<group>"; };
		F326B6A4271EFE8800B7762D /* riseup.mp3 */ = {isa = PBXFileReference; lastKnownFileType = audio.mp3; path = riseup.mp3; sourceTree = "<group>"; };
		F326B6A5271EFE8800B7762D /* spin.mp3 */ = {isa = PBXFileReference; lastKnownFileType = audio.mp3; path = spin.mp3; sourceTree = "<group>"; };
		F36E3310272042860047FB32 /* LogoView.swift */ = {isa = PBXFileReference; lastKnownFileType = sourcecode.swift; path = LogoView.swift; sourceTree = "<group>"; };
		F36E3312272042E90047FB32 /* Modifiers.swift */ = {isa = PBXFileReference; lastKnownFileType = sourcecode.swift; path = Modifiers.swift; sourceTree = "<group>"; };
		F36E3314272049DF0047FB32 /* Extensions.swift */ = {isa = PBXFileReference; lastKnownFileType = sourcecode.swift; path = Extensions.swift; sourceTree = "<group>"; };
		F36E331627204EC80047FB32 /* ReelView.swift */ = {isa = PBXFileReference; lastKnownFileType = sourcecode.swift; path = ReelView.swift; sourceTree = "<group>"; };
		F36E331827205FFF0047FB32 /* InfoView.swift */ = {isa = PBXFileReference; lastKnownFileType = sourcecode.swift; path = InfoView.swift; sourceTree = "<group>"; };
		F3C7B32027233D4100AEF302 /* PlaySound.swift */ = {isa = PBXFileReference; lastKnownFileType = sourcecode.swift; path = PlaySound.swift; sourceTree = "<group>"; };
/* End PBXFileReference section */

/* Begin PBXFrameworksBuildPhase section */
		F326B68A271EF69500B7762D /* Frameworks */ = {
			isa = PBXFrameworksBuildPhase;
			buildActionMask = 2147483647;
			files = (
			);
			runOnlyForDeploymentPostprocessing = 0;
		};
/* End PBXFrameworksBuildPhase section */

/* Begin PBXGroup section */
		F326B684271EF69500B7762D = {
			isa = PBXGroup;
			children = (
				F326B68F271EF69500B7762D /* Slot Maia */,
				F326B68E271EF69500B7762D /* Products */,
			);
			sourceTree = "<group>";
		};
		F326B68E271EF69500B7762D /* Products */ = {
			isa = PBXGroup;
			children = (
				F326B68D271EF69500B7762D /* Slot Maia.app */,
			);
			name = Products;
			sourceTree = "<group>";
		};
		F326B68F271EF69500B7762D /* Slot Maia */ = {
			isa = PBXGroup;
			children = (
				F326B6B1271F028100B7762D /* View */,
				F326B6B0271EFFCB00B7762D /* Helpers */,
				F326B6AE271EFEA900B7762D /* Sounds */,
				F326B690271EF69500B7762D /* Slot_MaiaApp.swift */,
				F326B694271EF69700B7762D /* Assets.xcassets */,
				F326B696271EF69700B7762D /* Preview Content */,
			);
			path = "Slot Maia";
			sourceTree = "<group>";
		};
		F326B696271EF69700B7762D /* Preview Content */ = {
			isa = PBXGroup;
			children = (
				F326B697271EF69700B7762D /* Preview Assets.xcassets */,
			);
			path = "Preview Content";
			sourceTree = "<group>";
		};
		F326B6AE271EFEA900B7762D /* Sounds */ = {
			isa = PBXGroup;
			children = (
				F326B6A0271EFE8800B7762D /* background-music.mp3 */,
				F326B69E271EFE8700B7762D /* casino-chips.mp3 */,
				F326B6A1271EFE8800B7762D /* chimeup.mp3 */,
				F326B6A3271EFE8800B7762D /* game-over.mp3 */,
				F326B69F271EFE8700B7762D /* high-score.mp3 */,
				F326B6A4271EFE8800B7762D /* riseup.mp3 */,
				F326B6A5271EFE8800B7762D /* spin.mp3 */,
				F326B6A2271EFE8800B7762D /* win.mp3 */,
			);
			path = Sounds;
			sourceTree = "<group>";
		};
		F326B6B0271EFFCB00B7762D /* Helpers */ = {
			isa = PBXGroup;
			children = (
				F36E3312272042E90047FB32 /* Modifiers.swift */,
				F36E3314272049DF0047FB32 /* Extensions.swift */,
				F3C7B32027233D4100AEF302 /* PlaySound.swift */,
			);
			path = Helpers;
			sourceTree = "<group>";
		};
		F326B6B1271F028100B7762D /* View */ = {
			isa = PBXGroup;
			children = (
				F326B692271EF69500B7762D /* ContentView.swift */,
				F36E3310272042860047FB32 /* LogoView.swift */,
				F36E331627204EC80047FB32 /* ReelView.swift */,
				F36E331827205FFF0047FB32 /* InfoView.swift */,
			);
			path = View;
			sourceTree = "<group>";
		};
/* End PBXGroup section */

/* Begin PBXNativeTarget section */
		F326B68C271EF69500B7762D /* Slot Maia */ = {
			isa = PBXNativeTarget;
			buildConfigurationList = F326B69B271EF69700B7762D /* Build configuration list for PBXNativeTarget "Slot Maia" */;
			buildPhases = (
				F326B689271EF69500B7762D /* Sources */,
				F326B68A271EF69500B7762D /* Frameworks */,
				F326B68B271EF69500B7762D /* Resources */,
			);
			buildRules = (
			);
			dependencies = (
			);
			name = "Slot Maia";
			productName = "Slot Maia";
			productReference = F326B68D271EF69500B7762D /* Slot Maia.app */;
			productType = "com.apple.product-type.application";
		};
/* End PBXNativeTarget section */

/* Begin PBXProject section */
		F326B685271EF69500B7762D /* Project object */ = {
			isa = PBXProject;
			attributes = {
				BuildIndependentTargetsInParallel = 1;
				LastSwiftUpdateCheck = 1300;
				LastUpgradeCheck = 1300;
				TargetAttributes = {
					F326B68C271EF69500B7762D = {
						CreatedOnToolsVersion = 13.0;
					};
				};
			};
			buildConfigurationList = F326B688271EF69500B7762D /* Build configuration list for PBXProject "Slot Maia" */;
			compatibilityVersion = "Xcode 13.0";
			developmentRegion = en;
			hasScannedForEncodings = 0;
			knownRegions = (
				en,
				Base,
			);
			mainGroup = F326B684271EF69500B7762D;
			productRefGroup = F326B68E271EF69500B7762D /* Products */;
			projectDirPath = "";
			projectRoot = "";
			targets = (
				F326B68C271EF69500B7762D /* Slot Maia */,
			);
		};
/* End PBXProject section */

/* Begin PBXResourcesBuildPhase section */
		F326B68B271EF69500B7762D /* Resources */ = {
			isa = PBXResourcesBuildPhase;
			buildActionMask = 2147483647;
			files = (
				F326B6AC271EFE8800B7762D /* riseup.mp3 in Resources */,
				F326B6A9271EFE8800B7762D /* chimeup.mp3 in Resources */,
				F326B698271EF69700B7762D /* Preview Assets.xcassets in Resources */,
				F326B6AA271EFE8800B7762D /* win.mp3 in Resources */,
				F326B6A7271EFE8800B7762D /* high-score.mp3 in Resources */,
				F326B6A8271EFE8800B7762D /* background-music.mp3 in Resources */,
				F326B6AD271EFE8800B7762D /* spin.mp3 in Resources */,
				F326B695271EF69700B7762D /* Assets.xcassets in Resources */,
				F326B6AB271EFE8800B7762D /* game-over.mp3 in Resources */,
				F326B6A6271EFE8800B7762D /* casino-chips.mp3 in Resources */,
			);
			runOnlyForDeploymentPostprocessing = 0;
		};
/* End PBXResourcesBuildPhase section */

/* Begin PBXSourcesBuildPhase section */
		F326B689271EF69500B7762D /* Sources */ = {
			isa = PBXSourcesBuildPhase;
			buildActionMask = 2147483647;
			files = (
				F36E3315272049DF0047FB32 /* Extensions.swift in Sources */,
				F3C7B32127233D4100AEF302 /* PlaySound.swift in Sources */,
				F36E3313272042E90047FB32 /* Modifiers.swift in Sources */,
				F326B693271EF69500B7762D /* ContentView.swift in Sources */,
				F36E3311272042860047FB32 /* LogoView.swift in Sources */,
				F36E331727204EC80047FB32 /* ReelView.swift in Sources */,
				F326B691271EF69500B7762D /* Slot_MaiaApp.swift in Sources */,
				F36E331927205FFF0047FB32 /* InfoView.swift in Sources */,
			);
			runOnlyForDeploymentPostprocessing = 0;
		};
/* End PBXSourcesBuildPhase section */

/* Begin XCBuildConfiguration section */
		F326B699271EF69700B7762D /* Debug */ = {
			isa = XCBuildConfiguration;
			buildSettings = {
				ALWAYS_SEARCH_USER_PATHS = NO;
				CLANG_ANALYZER_NONNULL = YES;
				CLANG_ANALYZER_NUMBER_OBJECT_CONVERSION = YES_AGGRESSIVE;
				CLANG_CXX_LANGUAGE_STANDARD = "gnu++17";
				CLANG_CXX_LIBRARY = "libc++";
				CLANG_ENABLE_MODULES = YES;
				CLANG_ENABLE_OBJC_ARC = YES;
				CLANG_ENABLE_OBJC_WEAK = YES;
				CLANG_WARN_BLOCK_CAPTURE_AUTORELEASING = YES;
				CLANG_WARN_BOOL_CONVERSION = YES;
				CLANG_WARN_COMMA = YES;
				CLANG_WARN_CONSTANT_CONVERSION = YES;
				CLANG_WARN_DEPRECATED_OBJC_IMPLEMENTATIONS = YES;
				CLANG_WARN_DIRECT_OBJC_ISA_USAGE = YES_ERROR;
				CLANG_WARN_DOCUMENTATION_COMMENTS = YES;
				CLANG_WARN_EMPTY_BODY = YES;
				CLANG_WARN_ENUM_CONVERSION = YES;
				CLANG_WARN_INFINITE_RECURSION = YES;
				CLANG_WARN_INT_CONVERSION = YES;
				CLANG_WARN_NON_LITERAL_NULL_CONVERSION = YES;
				CLANG_WARN_OBJC_IMPLICIT_RETAIN_SELF = YES;
				CLANG_WARN_OBJC_LITERAL_CONVERSION = YES;
				CLANG_WARN_OBJC_ROOT_CLASS = YES_ERROR;
				CLANG_WARN_QUOTED_INCLUDE_IN_FRAMEWORK_HEADER = YES;
				CLANG_WARN_RANGE_LOOP_ANALYSIS = YES;
				CLANG_WARN_STRICT_PROTOTYPES = YES;
				CLANG_WARN_SUSPICIOUS_MOVE = YES;
				CLANG_WARN_UNGUARDED_AVAILABILITY = YES_AGGRESSIVE;
				CLANG_WARN_UNREACHABLE_CODE = YES;
				CLANG_WARN__DUPLICATE_METHOD_MATCH = YES;
				COPY_PHASE_STRIP = NO;
				DEBUG_INFORMATION_FORMAT = dwarf;
				ENABLE_STRICT_OBJC_MSGSEND = YES;
				ENABLE_TESTABILITY = YES;
				GCC_C_LANGUAGE_STANDARD = gnu11;
				GCC_DYNAMIC_NO_PIC = NO;
				GCC_NO_COMMON_BLOCKS = YES;
				GCC_OPTIMIZATION_LEVEL = 0;
				GCC_PREPROCESSOR_DEFINITIONS = (
					"DEBUG=1",
					"$(inherited)",
				);
				GCC_WARN_64_TO_32_BIT_CONVERSION = YES;
				GCC_WARN_ABOUT_RETURN_TYPE = YES_ERROR;
				GCC_WARN_UNDECLARED_SELECTOR = YES;
				GCC_WARN_UNINITIALIZED_AUTOS = YES_AGGRESSIVE;
				GCC_WARN_UNUSED_FUNCTION = YES;
				GCC_WARN_UNUSED_VARIABLE = YES;
				IPHONEOS_DEPLOYMENT_TARGET = 15.0;
				MTL_ENABLE_DEBUG_INFO = INCLUDE_SOURCE;
				MTL_FAST_MATH = YES;
				ONLY_ACTIVE_ARCH = YES;
				SDKROOT = iphoneos;
				SWIFT_ACTIVE_COMPILATION_CONDITIONS = DEBUG;
				SWIFT_OPTIMIZATION_LEVEL = "-Onone";
			};
			name = Debug;
		};
		F326B69A271EF69700B7762D /* Release */ = {
			isa = XCBuildConfiguration;
			buildSettings = {
				ALWAYS_SEARCH_USER_PATHS = NO;
				CLANG_ANALYZER_NONNULL = YES;
				CLANG_ANALYZER_NUMBER_OBJECT_CONVERSION = YES_AGGRESSIVE;
				CLANG_CXX_LANGUAGE_STANDARD = "gnu++17";
				CLANG_CXX_LIBRARY = "libc++";
				CLANG_ENABLE_MODULES = YES;
				CLANG_ENABLE_OBJC_ARC = YES;
				CLANG_ENABLE_OBJC_WEAK = YES;
				CLANG_WARN_BLOCK_CAPTURE_AUTORELEASING = YES;
				CLANG_WARN_BOOL_CONVERSION = YES;
				CLANG_WARN_COMMA = YES;
				CLANG_WARN_CONSTANT_CONVERSION = YES;
				CLANG_WARN_DEPRECATED_OBJC_IMPLEMENTATIONS = YES;
				CLANG_WARN_DIRECT_OBJC_ISA_USAGE = YES_ERROR;
				CLANG_WARN_DOCUMENTATION_COMMENTS = YES;
				CLANG_WARN_EMPTY_BODY = YES;
				CLANG_WARN_ENUM_CONVERSION = YES;
				CLANG_WARN_INFINITE_RECURSION = YES;
				CLANG_WARN_INT_CONVERSION = YES;
				CLANG_WARN_NON_LITERAL_NULL_CONVERSION = YES;
				CLANG_WARN_OBJC_IMPLICIT_RETAIN_SELF = YES;
				CLANG_WARN_OBJC_LITERAL_CONVERSION = YES;
				CLANG_WARN_OBJC_ROOT_CLASS = YES_ERROR;
				CLANG_WARN_QUOTED_INCLUDE_IN_FRAMEWORK_HEADER = YES;
				CLANG_WARN_RANGE_LOOP_ANALYSIS = YES;
				CLANG_WARN_STRICT_PROTOTYPES = YES;
				CLANG_WARN_SUSPICIOUS_MOVE = YES;
				CLANG_WARN_UNGUARDED_AVAILABILITY = YES_AGGRESSIVE;
				CLANG_WARN_UNREACHABLE_CODE = YES;
				CLANG_WARN__DUPLICATE_METHOD_MATCH = YES;
				COPY_PHASE_STRIP = NO;
				DEBUG_INFORMATION_FORMAT = "dwarf-with-dsym";
				ENABLE_NS_ASSERTIONS = NO;
				ENABLE_STRICT_OBJC_MSGSEND = YES;
				GCC_C_LANGUAGE_STANDARD = gnu11;
				GCC_NO_COMMON_BLOCKS = YES;
				GCC_WARN_64_TO_32_BIT_CONVERSION = YES;
				GCC_WARN_ABOUT_RETURN_TYPE = YES_ERROR;
				GCC_WARN_UNDECLARED_SELECTOR = YES;
				GCC_WARN_UNINITIALIZED_AUTOS = YES_AGGRESSIVE;
				GCC_WARN_UNUSED_FUNCTION = YES;
				GCC_WARN_UNUSED_VARIABLE = YES;
				IPHONEOS_DEPLOYMENT_TARGET = 15.0;
				MTL_ENABLE_DEBUG_INFO = NO;
				MTL_FAST_MATH = YES;
				SDKROOT = iphoneos;
				SWIFT_COMPILATION_MODE = wholemodule;
				SWIFT_OPTIMIZATION_LEVEL = "-O";
				VALIDATE_PRODUCT = YES;
			};
			name = Release;
		};
		F326B69C271EF69700B7762D /* Debug */ = {
			isa = XCBuildConfiguration;
			buildSettings = {
				ASSETCATALOG_COMPILER_APPICON_NAME = AppIcon;
				ASSETCATALOG_COMPILER_GLOBAL_ACCENT_COLOR_NAME = AccentColor;
				CODE_SIGN_STYLE = Automatic;
				CURRENT_PROJECT_VERSION = 1;
				DEVELOPMENT_ASSET_PATHS = "\"Slot Maia/Preview Content\"";
				ENABLE_PREVIEWS = YES;
				GENERATE_INFOPLIST_FILE = YES;
				INFOPLIST_KEY_UIApplicationSceneManifest_Generation = YES;
				INFOPLIST_KEY_UIApplicationSupportsIndirectInputEvents = YES;
				INFOPLIST_KEY_UILaunchScreen_Generation = YES;
				INFOPLIST_KEY_UISupportedInterfaceOrientations_iPad = "UIInterfaceOrientationPortrait UIInterfaceOrientationPortraitUpsideDown UIInterfaceOrientationLandscapeLeft UIInterfaceOrientationLandscapeRight";
				INFOPLIST_KEY_UISupportedInterfaceOrientations_iPhone = "UIInterfaceOrientationPortrait UIInterfaceOrientationLandscapeLeft UIInterfaceOrientationLandscapeRight";
				IPHONEOS_DEPLOYMENT_TARGET = 14.0;
				LD_RUNPATH_SEARCH_PATHS = (
					"$(inherited)",
					"@executable_path/Frameworks",
				);
				MARKETING_VERSION = 1.0;
				PRODUCT_BUNDLE_IDENTIFIER = "io.github.erasmojf.Slot-Maia";
				PRODUCT_NAME = "$(TARGET_NAME)";
				SWIFT_EMIT_LOC_STRINGS = YES;
				SWIFT_VERSION = 5.0;
				TARGETED_DEVICE_FAMILY = "1,2";
			};
			name = Debug;
		};
		F326B69D271EF69700B7762D /* Release */ = {
			isa = XCBuildConfiguration;
			buildSettings = {
				ASSETCATALOG_COMPILER_APPICON_NAME = AppIcon;
				ASSETCATALOG_COMPILER_GLOBAL_ACCENT_COLOR_NAME = AccentColor;
				CODE_SIGN_STYLE = Automatic;
				CURRENT_PROJECT_VERSION = 1;
				DEVELOPMENT_ASSET_PATHS = "\"Slot Maia/Preview Content\"";
				ENABLE_PREVIEWS = YES;
				GENERATE_INFOPLIST_FILE = YES;
				INFOPLIST_KEY_UIApplicationSceneManifest_Generation = YES;
				INFOPLIST_KEY_UIApplicationSupportsIndirectInputEvents = YES;
				INFOPLIST_KEY_UILaunchScreen_Generation = YES;
				INFOPLIST_KEY_UISupportedInterfaceOrientations_iPad = "UIInterfaceOrientationPortrait UIInterfaceOrientationPortraitUpsideDown UIInterfaceOrientationLandscapeLeft UIInterfaceOrientationLandscapeRight";
				INFOPLIST_KEY_UISupportedInterfaceOrientations_iPhone = "UIInterfaceOrientationPortrait UIInterfaceOrientationLandscapeLeft UIInterfaceOrientationLandscapeRight";
				IPHONEOS_DEPLOYMENT_TARGET = 14.0;
				LD_RUNPATH_SEARCH_PATHS = (
					"$(inherited)",
					"@executable_path/Frameworks",
				);
				MARKETING_VERSION = 1.0;
				PRODUCT_BUNDLE_IDENTIFIER = "io.github.erasmojf.Slot-Maia";
				PRODUCT_NAME = "$(TARGET_NAME)";
				SWIFT_EMIT_LOC_STRINGS = YES;
				SWIFT_VERSION = 5.0;
				TARGETED_DEVICE_FAMILY = "1,2";
			};
			name = Release;
		};
/* End XCBuildConfiguration section */

/* Begin XCConfigurationList section */
		F326B688271EF69500B7762D /* Build configuration list for PBXProject "Slot Maia" */ = {
			isa = XCConfigurationList;
			buildConfigurations = (
				F326B699271EF69700B7762D /* Debug */,
				F326B69A271EF69700B7762D /* Release */,
			);
			defaultConfigurationIsVisible = 0;
			defaultConfigurationName = Release;
		};
		F326B69B271EF69700B7762D /* Build configuration list for PBXNativeTarget "Slot Maia" */ = {
			isa = XCConfigurationList;
			buildConfigurations = (
				F326B69C271EF69700B7762D /* Debug */,
				F326B69D271EF69700B7762D /* Release */,
			);
			defaultConfigurationIsVisible = 0;
			defaultConfigurationName = Release;
		};
/* End XCConfigurationList section */
	};
	rootObject = F326B685271EF69500B7762D /* Project object */;
}
